
Microsoft Visual Studio Solution File, Format Version 12.00
# Visual Studio Version 16
VisualStudioVersion = 16.0.30523.141
MinimumVisualStudioVersion = 10.0.40219.1
Project("{FAE04EC0-301F-11D3-BF4B-00C04F79EFBC}") = "Savanna", "Savanna\Savanna.csproj", "{035697DA-5EA8-403D-BD2D-B4F36AA9F90B}"
EndProject
Global
	GlobalSection(SolutionConfigurationPlatforms) = preSolution
		Debug|Any CPU = Debug|Any CPU
		Release|Any CPU = Release|Any CPU
	EndGlobalSection
	GlobalSection(ProjectConfigurationPlatforms) = postSolution
		{035697DA-5EA8-403D-BD2D-B4F36AA9F90B}.Debug|Any CPU.ActiveCfg = Debug|Any CPU
		{035697DA-5EA8-403D-BD2D-B4F36AA9F90B}.Debug|Any CPU.Build.0 = Debug|Any CPU
		{035697DA-5EA8-403D-BD2D-B4F36AA9F90B}.Release|Any CPU.ActiveCfg = Release|Any CPU
		{035697DA-5EA8-403D-BD2D-B4F36AA9F90B}.Release|Any CPU.Build.0 = Release|Any CPU
	EndGlobalSection
	GlobalSection(SolutionProperties) = preSolution
		HideSolutionNode = FALSE
	EndGlobalSection
	GlobalSection(ExtensibilityGlobals) = postSolution
		SolutionGuid = {87E776C1-9B4D-4FD7-912C-6596DFFA05EA}
	EndGlobalSection
EndGlobal
